// !$*UTF8*$!
{
	archiveVersion = 1;
	classes = {
	};
	objectVersion = 50;
	objects = {

/* Begin PBXBuildFile section */
		4503B26E241448FA00A35365 /* AppDelegate.swift in Sources */ = {isa = PBXBuildFile; fileRef = 4503B26D241448FA00A35365 /* AppDelegate.swift */; };
		4503B270241448FA00A35365 /* SceneDelegate.swift in Sources */ = {isa = PBXBuildFile; fileRef = 4503B26F241448FA00A35365 /* SceneDelegate.swift */; };
		4503B272241448FA00A35365 /* ViewController.swift in Sources */ = {isa = PBXBuildFile; fileRef = 4503B271241448FA00A35365 /* ViewController.swift */; };
		4503B275241448FA00A35365 /* Main.storyboard in Resources */ = {isa = PBXBuildFile; fileRef = 4503B273241448FA00A35365 /* Main.storyboard */; };
		4503B277241448FB00A35365 /* Assets.xcassets in Resources */ = {isa = PBXBuildFile; fileRef = 4503B276241448FB00A35365 /* Assets.xcassets */; };
		4503B27A241448FB00A35365 /* LaunchScreen.storyboard in Resources */ = {isa = PBXBuildFile; fileRef = 4503B278241448FB00A35365 /* LaunchScreen.storyboard */; };
		4503B2862414541200A35365 /* DVRViewController.swift in Sources */ = {isa = PBXBuildFile; fileRef = 4503B2852414541200A35365 /* DVRViewController.swift */; };
/* End PBXBuildFile section */

/* Begin PBXFileReference section */
		4503B26A241448FA00A35365 /* MooreW_assn6.app */ = {isa = PBXFileReference; explicitFileType = wrapper.application; includeInIndex = 0; path = MooreW_assn6.app; sourceTree = BUILT_PRODUCTS_DIR; };
		4503B26D241448FA00A35365 /* AppDelegate.swift */ = {isa = PBXFileReference; lastKnownFileType = sourcecode.swift; path = AppDelegate.swift; sourceTree = "<group>"; };
		4503B26F241448FA00A35365 /* SceneDelegate.swift */ = {isa = PBXFileReference; lastKnownFileType = sourcecode.swift; path = SceneDelegate.swift; sourceTree = "<group>"; };
		4503B271241448FA00A35365 /* ViewController.swift */ = {isa = PBXFileReference; lastKnownFileType = sourcecode.swift; path = ViewController.swift; sourceTree = "<group>"; };
		4503B274241448FA00A35365 /* Base */ = {isa = PBXFileReference; lastKnownFileType = file.storyboard; name = Base; path = Base.lproj/Main.storyboard; sourceTree = "<group>"; };
		4503B276241448FB00A35365 /* Assets.xcassets */ = {isa = PBXFileReference; lastKnownFileType = folder.assetcatalog; path = Assets.xcassets; sourceTree = "<group>"; };
		4503B279241448FB00A35365 /* Base */ = {isa = PBXFileReference; lastKnownFileType = file.storyboard; name = Base; path = Base.lproj/LaunchScreen.storyboard; sourceTree = "<group>"; };
		4503B27B241448FB00A35365 /* Info.plist */ = {isa = PBXFileReference; lastKnownFileType = text.plist.xml; path = Info.plist; sourceTree = "<group>"; };
		4503B2852414541200A35365 /* DVRViewController.swift */ = {isa = PBXFileReference; lastKnownFileType = sourcecode.swift; path = DVRViewController.swift; sourceTree = "<group>"; };
/* End PBXFileReference section */

/* Begin PBXFrameworksBuildPhase section */
		4503B267241448FA00A35365 /* Frameworks */ = {
			isa = PBXFrameworksBuildPhase;
			buildActionMask = 2147483647;
			files = (
			);
			runOnlyForDeploymentPostprocessing = 0;
		};
/* End PBXFrameworksBuildPhase section */

/* Begin PBXGroup section */
		4503B261241448F900A35365 = {
			isa = PBXGroup;
			children = (
				4503B26C241448FA00A35365 /* MooreW_assn6 */,
				4503B26B241448FA00A35365 /* Products */,
			);
			sourceTree = "<group>";
		};
		4503B26B241448FA00A35365 /* Products */ = {
			isa = PBXGroup;
			children = (
				4503B26A241448FA00A35365 /* MooreW_assn6.app */,
			);
			name = Products;
			sourceTree = "<group>";
		};
		4503B26C241448FA00A35365 /* MooreW_assn6 */ = {
			isa = PBXGroup;
			children = (
				4503B26D241448FA00A35365 /* AppDelegate.swift */,
				4503B26F241448FA00A35365 /* SceneDelegate.swift */,
				4503B2852414541200A35365 /* DVRViewController.swift */,
				4503B271241448FA00A35365 /* ViewController.swift */,
				4503B273241448FA00A35365 /* Main.storyboard */,
				4503B276241448FB00A35365 /* Assets.xcassets */,
				4503B278241448FB00A35365 /* LaunchScreen.storyboard */,
				4503B27B241448FB00A35365 /* Info.plist */,
			);
			path = MooreW_assn6;
			sourceTree = "<group>";
		};
/* End PBXGroup section */

/* Begin PBXNativeTarget section */
		4503B269241448FA00A35365 /* MooreW_assn6 */ = {
			isa = PBXNativeTarget;
			buildConfigurationList = 4503B27E241448FB00A35365 /* Build configuration list for PBXNativeTarget "MooreW_assn6" */;
			buildPhases = (
				4503B266241448FA00A35365 /* Sources */,
				4503B267241448FA00A35365 /* Frameworks */,
				4503B268241448FA00A35365 /* Resources */,
			);
			buildRules = (
			);
			dependencies = (
			);
			name = MooreW_assn6;
			productName = MooreW_assn6;
			productReference = 4503B26A241448FA00A35365 /* MooreW_assn6.app */;
			productType = "com.apple.product-type.application";
		};
/* End PBXNativeTarget section */

/* Begin PBXProject section */
		4503B262241448F900A35365 /* Project object */ = {
			isa = PBXProject;
			attributes = {
				LastSwiftUpdateCheck = 1130;
				LastUpgradeCheck = 1130;
				ORGANIZATIONNAME = "Willy Moore";
				TargetAttributes = {
					4503B269241448FA00A35365 = {
						CreatedOnToolsVersion = 11.3;
					};
				};
			};
			buildConfigurationList = 4503B265241448F900A35365 /* Build configuration list for PBXProject "MooreW_assn6" */;
			compatibilityVersion = "Xcode 9.3";
			developmentRegion = en;
			hasScannedForEncodings = 0;
			knownRegions = (
				en,
				Base,
			);
			mainGroup = 4503B261241448F900A35365;
			productRefGroup = 4503B26B241448FA00A35365 /* Products */;
			projectDirPath = "";
			projectRoot = "";
			targets = (
				4503B269241448FA00A35365 /* MooreW_assn6 */,
			);
		};
/* End PBXProject section */

/* Begin PBXResourcesBuildPhase section */
		4503B268241448FA00A35365 /* Resources */ = {
			isa = PBXResourcesBuildPhase;
			buildActionMask = 2147483647;
			files = (
				4503B27A241448FB00A35365 /* LaunchScreen.storyboard in Resources */,
				4503B277241448FB00A35365 /* Assets.xcassets in Resources */,
				4503B275241448FA00A35365 /* Main.storyboard in Resources */,
			);
			runOnlyForDeploymentPostprocessing = 0;
		};
/* End PBXResourcesBuildPhase section */

/* Begin PBXSourcesBuildPhase section */
		4503B266241448FA00A35365 /* Sources */ = {
			isa = PBXSourcesBuildPhase;
			buildActionMask = 2147483647;
			files = (
				4503B272241448FA00A35365 /* ViewController.swift in Sources */,
				4503B2862414541200A35365 /* DVRViewController.swift in Sources */,
				4503B26E241448FA00A35365 /* AppDelegate.swift in Sources */,
				4503B270241448FA00A35365 /* SceneDelegate.swift in Sources */,
			);
			runOnlyForDeploymentPostprocessing = 0;
		};
/* End PBXSourcesBuildPhase section */

/* Begin PBXVariantGroup section */
		4503B273241448FA00A35365 /* Main.storyboard */ = {
			isa = PBXVariantGroup;
			children = (
				4503B274241448FA00A35365 /* Base */,
			);
			name = Main.storyboard;
			sourceTree = "<group>";
		};
		4503B278241448FB00A35365 /* LaunchScreen.storyboard */ = {
			isa = PBXVariantGroup;
			children = (
				4503B279241448FB00A35365 /* Base */,
			);
			name = LaunchScreen.storyboard;
			sourceTree = "<group>";
		};
/* End PBXVariantGroup section */

/* Begin XCBuildConfiguration section */
		4503B27C241448FB00A35365 /* Debug */ = {
			isa = XCBuildConfiguration;
			buildSettings = {
				ALWAYS_SEARCH_USER_PATHS = NO;
				CLANG_ANALYZER_NONNULL = YES;
				CLANG_ANALYZER_NUMBER_OBJECT_CONVERSION = YES_AGGRESSIVE;
				CLANG_CXX_LANGUAGE_STANDARD = "gnu++14";
				CLANG_CXX_LIBRARY = "libc++";
				CLANG_ENABLE_MODULES = YES;
				CLANG_ENABLE_OBJC_ARC = YES;
				CLANG_ENABLE_OBJC_WEAK = YES;
				CLANG_WARN_BLOCK_CAPTURE_AUTORELEASING = YES;
				CLANG_WARN_BOOL_CONVERSION = YES;
				CLANG_WARN_COMMA = YES;
				CLANG_WARN_CONSTANT_CONVERSION = YES;
				CLANG_WARN_DEPRECATED_OBJC_IMPLEMENTATIONS = YES;
				CLANG_WARN_DIRECT_OBJC_ISA_USAGE = YES_ERROR;
				CLANG_WARN_DOCUMENTATION_COMMENTS = YES;
				CLANG_WARN_EMPTY_BODY = YES;
				CLANG_WARN_ENUM_CONVERSION = YES;
				CLANG_WARN_INFINITE_RECURSION = YES;
				CLANG_WARN_INT_CONVERSION = YES;
				CLANG_WARN_NON_LITERAL_NULL_CONVERSION = YES;
				CLANG_WARN_OBJC_IMPLICIT_RETAIN_SELF = YES;
				CLANG_WARN_OBJC_LITERAL_CONVERSION = YES;
				CLANG_WARN_OBJC_ROOT_CLASS = YES_ERROR;
				CLANG_WARN_RANGE_LOOP_ANALYSIS = YES;
				CLANG_WARN_STRICT_PROTOTYPES = YES;
				CLANG_WARN_SUSPICIOUS_MOVE = YES;
				CLANG_WARN_UNGUARDED_AVAILABILITY = YES_AGGRESSIVE;
				CLANG_WARN_UNREACHABLE_CODE = YES;
				CLANG_WARN__DUPLICATE_METHOD_MATCH = YES;
				COPY_PHASE_STRIP = NO;
				DEBUG_INFORMATION_FORMAT = dwarf;
				ENABLE_STRICT_OBJC_MSGSEND = YES;
				ENABLE_TESTABILITY = YES;
				GCC_C_LANGUAGE_STANDARD = gnu11;
				GCC_DYNAMIC_NO_PIC = NO;
				GCC_NO_COMMON_BLOCKS = YES;
				GCC_OPTIMIZATION_LEVEL = 0;
				GCC_PREPROCESSOR_DEFINITIONS = (
					"DEBUG=1",
					"$(inherited)",
				);
				GCC_WARN_64_TO_32_BIT_CONVERSION = YES;
				GCC_WARN_ABOUT_RETURN_TYPE = YES_ERROR;
				GCC_WARN_UNDECLARED_SELECTOR = YES;
				GCC_WARN_UNINITIALIZED_AUTOS = YES_AGGRESSIVE;
				GCC_WARN_UNUSED_FUNCTION = YES;
				GCC_WARN_UNUSED_VARIABLE = YES;
				IPHONEOS_DEPLOYMENT_TARGET = 13.2;
				MTL_ENABLE_DEBUG_INFO = INCLUDE_SOURCE;
				MTL_FAST_MATH = YES;
				ONLY_ACTIVE_ARCH = YES;
				SDKROOT = iphoneos;
				SWIFT_ACTIVE_COMPILATION_CONDITIONS = DEBUG;
				SWIFT_OPTIMIZATION_LEVEL = "-Onone";
			};
			name = Debug;
		};
		4503B27D241448FB00A35365 /* Release */ = {
			isa = XCBuildConfiguration;
			buildSettings = {
				ALWAYS_SEARCH_USER_PATHS = NO;
				CLANG_ANALYZER_NONNULL = YES;
				CLANG_ANALYZER_NUMBER_OBJECT_CONVERSION = YES_AGGRESSIVE;
				CLANG_CXX_LANGUAGE_STANDARD = "gnu++14";
				CLANG_CXX_LIBRARY = "libc++";
				CLANG_ENABLE_MODULES = YES;
				CLANG_ENABLE_OBJC_ARC = YES;
				CLANG_ENABLE_OBJC_WEAK = YES;
				CLANG_WARN_BLOCK_CAPTURE_AUTORELEASING = YES;
				CLANG_WARN_BOOL_CONVERSION = YES;
				CLANG_WARN_COMMA = YES;
				CLANG_WARN_CONSTANT_CONVERSION = YES;
				CLANG_WARN_DEPRECATED_OBJC_IMPLEMENTATIONS = YES;
				CLANG_WARN_DIRECT_OBJC_ISA_USAGE = YES_ERROR;
				CLANG_WARN_DOCUMENTATION_COMMENTS = YES;
				CLANG_WARN_EMPTY_BODY = YES;
				CLANG_WARN_ENUM_CONVERSION = YES;
				CLANG_WARN_INFINITE_RECURSION = YES;
				CLANG_WARN_INT_CONVERSION = YES;
				CLANG_WARN_NON_LITERAL_NULL_CONVERSION = YES;
				CLANG_WARN_OBJC_IMPLICIT_RETAIN_SELF = YES;
				CLANG_WARN_OBJC_LITERAL_CONVERSION = YES;
				CLANG_WARN_OBJC_ROOT_CLASS = YES_ERROR;
				CLANG_WARN_RANGE_LOOP_ANALYSIS = YES;
				CLANG_WARN_STRICT_PROTOTYPES = YES;
				CLANG_WARN_SUSPICIOUS_MOVE = YES;
				CLANG_WARN_UNGUARDED_AVAILABILITY = YES_AGGRESSIVE;
				CLANG_WARN_UNREACHABLE_CODE = YES;
				CLANG_WARN__DUPLICATE_METHOD_MATCH = YES;
				COPY_PHASE_STRIP = NO;
				DEBUG_INFORMATION_FORMAT = "dwarf-with-dsym";
				ENABLE_NS_ASSERTIONS = NO;
				ENABLE_STRICT_OBJC_MSGSEND = YES;
				GCC_C_LANGUAGE_STANDARD = gnu11;
				GCC_NO_COMMON_BLOCKS = YES;
				GCC_WARN_64_TO_32_BIT_CONVERSION = YES;
				GCC_WARN_ABOUT_RETURN_TYPE = YES_ERROR;
				GCC_WARN_UNDECLARED_SELECTOR = YES;
				GCC_WARN_UNINITIALIZED_AUTOS = YES_AGGRESSIVE;
				GCC_WARN_UNUSED_FUNCTION = YES;
				GCC_WARN_UNUSED_VARIABLE = YES;
				IPHONEOS_DEPLOYMENT_TARGET = 13.2;
				MTL_ENABLE_DEBUG_INFO = NO;
				MTL_FAST_MATH = YES;
				SDKROOT = iphoneos;
				SWIFT_COMPILATION_MODE = wholemodule;
				SWIFT_OPTIMIZATION_LEVEL = "-O";
				VALIDATE_PRODUCT = YES;
			};
			name = Release;
		};
		4503B27F241448FB00A35365 /* Debug */ = {
			isa = XCBuildConfiguration;
			buildSettings = {
				ASSETCATALOG_COMPILER_APPICON_NAME = AppIcon;
				CODE_SIGN_STYLE = Automatic;
				DEVELOPMENT_TEAM = 7AJ9X4G5R6;
				INFOPLIST_FILE = MooreW_assn6/Info.plist;
				LD_RUNPATH_SEARCH_PATHS = (
					"$(inherited)",
					"@executable_path/Frameworks",
				);
				PRODUCT_BUNDLE_IDENTIFIER = "MooreW.MooreW-assn6";
				PRODUCT_NAME = "$(TARGET_NAME)";
				SWIFT_VERSION = 5.0;
				TARGETED_DEVICE_FAMILY = "1,2";
			};
			name = Debug;
		};
		4503B280241448FB00A35365 /* Release */ = {
			isa = XCBuildConfiguration;
			buildSettings = {
				ASSETCATALOG_COMPILER_APPICON_NAME = AppIcon;
				CODE_SIGN_STYLE = Automatic;
				DEVELOPMENT_TEAM = 7AJ9X4G5R6;
				INFOPLIST_FILE = MooreW_assn6/Info.plist;
				LD_RUNPATH_SEARCH_PATHS = (
					"$(inherited)",
					"@executable_path/Frameworks",
				);
				PRODUCT_BUNDLE_IDENTIFIER = "MooreW.MooreW-assn6";
				PRODUCT_NAME = "$(TARGET_NAME)";
				SWIFT_VERSION = 5.0;
				TARGETED_DEVICE_FAMILY = "1,2";
			};
			name = Release;
		};
/* End XCBuildConfiguration section */

/* Begin XCConfigurationList section */
		4503B265241448F900A35365 /* Build configuration list for PBXProject "MooreW_assn6" */ = {
			isa = XCConfigurationList;
			buildConfigurations = (
				4503B27C241448FB00A35365 /* Debug */,
				4503B27D241448FB00A35365 /* Release */,
			);
			defaultConfigurationIsVisible = 0;
			defaultConfigurationName = Release;
		};
		4503B27E241448FB00A35365 /* Build configuration list for PBXNativeTarget "MooreW_assn6" */ = {
			isa = XCConfigurationList;
			buildConfigurations = (
				4503B27F241448FB00A35365 /* Debug */,
				4503B280241448FB00A35365 /* Release */,
			);
			defaultConfigurationIsVisible = 0;
			defaultConfigurationName = Release;
		};
/* End XCConfigurationList section */
	};
	rootObject = 4503B262241448F900A35365 /* Project object */;
}
