// !$*UTF8*$!
{
	archiveVersion = 1;
	classes = {
	};
	objectVersion = 50;
	objects = {

/* Begin PBXBuildFile section */
		45F9C68123CECBFA000249C3 /* AppDelegate.swift in Sources */ = {isa = PBXBuildFile; fileRef = 45F9C68023CECBFA000249C3 /* AppDelegate.swift */; };
		45F9C68323CECBFA000249C3 /* SceneDelegate.swift in Sources */ = {isa = PBXBuildFile; fileRef = 45F9C68223CECBFA000249C3 /* SceneDelegate.swift */; };
		45F9C68523CECBFA000249C3 /* ViewController.swift in Sources */ = {isa = PBXBuildFile; fileRef = 45F9C68423CECBFA000249C3 /* ViewController.swift */; };
		45F9C68823CECBFA000249C3 /* Main.storyboard in Resources */ = {isa = PBXBuildFile; fileRef = 45F9C68623CECBFA000249C3 /* Main.storyboard */; };
		45F9C68A23CECBFB000249C3 /* Assets.xcassets in Resources */ = {isa = PBXBuildFile; fileRef = 45F9C68923CECBFB000249C3 /* Assets.xcassets */; };
		45F9C68D23CECBFB000249C3 /* LaunchScreen.storyboard in Resources */ = {isa = PBXBuildFile; fileRef = 45F9C68B23CECBFB000249C3 /* LaunchScreen.storyboard */; };
/* End PBXBuildFile section */

/* Begin PBXFileReference section */
		45F9C67D23CECBFA000249C3 /* MooreW_assn1.app */ = {isa = PBXFileReference; explicitFileType = wrapper.application; includeInIndex = 0; path = MooreW_assn1.app; sourceTree = BUILT_PRODUCTS_DIR; };
		45F9C68023CECBFA000249C3 /* AppDelegate.swift */ = {isa = PBXFileReference; lastKnownFileType = sourcecode.swift; path = AppDelegate.swift; sourceTree = "<group>"; };
		45F9C68223CECBFA000249C3 /* SceneDelegate.swift */ = {isa = PBXFileReference; lastKnownFileType = sourcecode.swift; path = SceneDelegate.swift; sourceTree = "<group>"; };
		45F9C68423CECBFA000249C3 /* ViewController.swift */ = {isa = PBXFileReference; lastKnownFileType = sourcecode.swift; path = ViewController.swift; sourceTree = "<group>"; };
		45F9C68723CECBFA000249C3 /* Base */ = {isa = PBXFileReference; lastKnownFileType = file.storyboard; name = Base; path = Base.lproj/Main.storyboard; sourceTree = "<group>"; };
		45F9C68923CECBFB000249C3 /* Assets.xcassets */ = {isa = PBXFileReference; lastKnownFileType = folder.assetcatalog; path = Assets.xcassets; sourceTree = "<group>"; };
		45F9C68C23CECBFB000249C3 /* Base */ = {isa = PBXFileReference; lastKnownFileType = file.storyboard; name = Base; path = Base.lproj/LaunchScreen.storyboard; sourceTree = "<group>"; };
		45F9C68E23CECBFB000249C3 /* Info.plist */ = {isa = PBXFileReference; lastKnownFileType = text.plist.xml; path = Info.plist; sourceTree = "<group>"; };
/* End PBXFileReference section */

/* Begin PBXFrameworksBuildPhase section */
		45F9C67A23CECBFA000249C3 /* Frameworks */ = {
			isa = PBXFrameworksBuildPhase;
			buildActionMask = 2147483647;
			files = (
			);
			runOnlyForDeploymentPostprocessing = 0;
		};
/* End PBXFrameworksBuildPhase section */

/* Begin PBXGroup section */
		45F9C67423CECBFA000249C3 = {
			isa = PBXGroup;
			children = (
				45F9C67F23CECBFA000249C3 /* MooreW_assn1 */,
				45F9C67E23CECBFA000249C3 /* Products */,
			);
			sourceTree = "<group>";
		};
		45F9C67E23CECBFA000249C3 /* Products */ = {
			isa = PBXGroup;
			children = (
				45F9C67D23CECBFA000249C3 /* MooreW_assn1.app */,
			);
			name = Products;
			sourceTree = "<group>";
		};
		45F9C67F23CECBFA000249C3 /* MooreW_assn1 */ = {
			isa = PBXGroup;
			children = (
				45F9C68023CECBFA000249C3 /* AppDelegate.swift */,
				45F9C68223CECBFA000249C3 /* SceneDelegate.swift */,
				45F9C68423CECBFA000249C3 /* ViewController.swift */,
				45F9C68623CECBFA000249C3 /* Main.storyboard */,
				45F9C68923CECBFB000249C3 /* Assets.xcassets */,
				45F9C68B23CECBFB000249C3 /* LaunchScreen.storyboard */,
				45F9C68E23CECBFB000249C3 /* Info.plist */,
			);
			path = MooreW_assn1;
			sourceTree = "<group>";
		};
/* End PBXGroup section */

/* Begin PBXNativeTarget section */
		45F9C67C23CECBFA000249C3 /* MooreW_assn1 */ = {
			isa = PBXNativeTarget;
			buildConfigurationList = 45F9C69123CECBFB000249C3 /* Build configuration list for PBXNativeTarget "MooreW_assn1" */;
			buildPhases = (
				45F9C67923CECBFA000249C3 /* Sources */,
				45F9C67A23CECBFA000249C3 /* Frameworks */,
				45F9C67B23CECBFA000249C3 /* Resources */,
			);
			buildRules = (
			);
			dependencies = (
			);
			name = MooreW_assn1;
			productName = MooreW_assn1;
			productReference = 45F9C67D23CECBFA000249C3 /* MooreW_assn1.app */;
			productType = "com.apple.product-type.application";
		};
/* End PBXNativeTarget section */

/* Begin PBXProject section */
		45F9C67523CECBFA000249C3 /* Project object */ = {
			isa = PBXProject;
			attributes = {
				LastSwiftUpdateCheck = 1130;
				LastUpgradeCheck = 1130;
				ORGANIZATIONNAME = "Willy Moore";
				TargetAttributes = {
					45F9C67C23CECBFA000249C3 = {
						CreatedOnToolsVersion = 11.3;
					};
				};
			};
			buildConfigurationList = 45F9C67823CECBFA000249C3 /* Build configuration list for PBXProject "MooreW_assn1" */;
			compatibilityVersion = "Xcode 9.3";
			developmentRegion = en;
			hasScannedForEncodings = 0;
			knownRegions = (
				en,
				Base,
			);
			mainGroup = 45F9C67423CECBFA000249C3;
			productRefGroup = 45F9C67E23CECBFA000249C3 /* Products */;
			projectDirPath = "";
			projectRoot = "";
			targets = (
				45F9C67C23CECBFA000249C3 /* MooreW_assn1 */,
			);
		};
/* End PBXProject section */

/* Begin PBXResourcesBuildPhase section */
		45F9C67B23CECBFA000249C3 /* Resources */ = {
			isa = PBXResourcesBuildPhase;
			buildActionMask = 2147483647;
			files = (
				45F9C68D23CECBFB000249C3 /* LaunchScreen.storyboard in Resources */,
				45F9C68A23CECBFB000249C3 /* Assets.xcassets in Resources */,
				45F9C68823CECBFA000249C3 /* Main.storyboard in Resources */,
			);
			runOnlyForDeploymentPostprocessing = 0;
		};
/* End PBXResourcesBuildPhase section */

/* Begin PBXSourcesBuildPhase section */
		45F9C67923CECBFA000249C3 /* Sources */ = {
			isa = PBXSourcesBuildPhase;
			buildActionMask = 2147483647;
			files = (
				45F9C68523CECBFA000249C3 /* ViewController.swift in Sources */,
				45F9C68123CECBFA000249C3 /* AppDelegate.swift in Sources */,
				45F9C68323CECBFA000249C3 /* SceneDelegate.swift in Sources */,
			);
			runOnlyForDeploymentPostprocessing = 0;
		};
/* End PBXSourcesBuildPhase section */

/* Begin PBXVariantGroup section */
		45F9C68623CECBFA000249C3 /* Main.storyboard */ = {
			isa = PBXVariantGroup;
			children = (
				45F9C68723CECBFA000249C3 /* Base */,
			);
			name = Main.storyboard;
			sourceTree = "<group>";
		};
		45F9C68B23CECBFB000249C3 /* LaunchScreen.storyboard */ = {
			isa = PBXVariantGroup;
			children = (
				45F9C68C23CECBFB000249C3 /* Base */,
			);
			name = LaunchScreen.storyboard;
			sourceTree = "<group>";
		};
/* End PBXVariantGroup section */

/* Begin XCBuildConfiguration section */
		45F9C68F23CECBFB000249C3 /* Debug */ = {
			isa = XCBuildConfiguration;
			buildSettings = {
				ALWAYS_SEARCH_USER_PATHS = NO;
				CLANG_ANALYZER_NONNULL = YES;
				CLANG_ANALYZER_NUMBER_OBJECT_CONVERSION = YES_AGGRESSIVE;
				CLANG_CXX_LANGUAGE_STANDARD = "gnu++14";
				CLANG_CXX_LIBRARY = "libc++";
				CLANG_ENABLE_MODULES = YES;
				CLANG_ENABLE_OBJC_ARC = YES;
				CLANG_ENABLE_OBJC_WEAK = YES;
				CLANG_WARN_BLOCK_CAPTURE_AUTORELEASING = YES;
				CLANG_WARN_BOOL_CONVERSION = YES;
				CLANG_WARN_COMMA = YES;
				CLANG_WARN_CONSTANT_CONVERSION = YES;
				CLANG_WARN_DEPRECATED_OBJC_IMPLEMENTATIONS = YES;
				CLANG_WARN_DIRECT_OBJC_ISA_USAGE = YES_ERROR;
				CLANG_WARN_DOCUMENTATION_COMMENTS = YES;
				CLANG_WARN_EMPTY_BODY = YES;
				CLANG_WARN_ENUM_CONVERSION = YES;
				CLANG_WARN_INFINITE_RECURSION = YES;
				CLANG_WARN_INT_CONVERSION = YES;
				CLANG_WARN_NON_LITERAL_NULL_CONVERSION = YES;
				CLANG_WARN_OBJC_IMPLICIT_RETAIN_SELF = YES;
				CLANG_WARN_OBJC_LITERAL_CONVERSION = YES;
				CLANG_WARN_OBJC_ROOT_CLASS = YES_ERROR;
				CLANG_WARN_RANGE_LOOP_ANALYSIS = YES;
				CLANG_WARN_STRICT_PROTOTYPES = YES;
				CLANG_WARN_SUSPICIOUS_MOVE = YES;
				CLANG_WARN_UNGUARDED_AVAILABILITY = YES_AGGRESSIVE;
				CLANG_WARN_UNREACHABLE_CODE = YES;
				CLANG_WARN__DUPLICATE_METHOD_MATCH = YES;
				COPY_PHASE_STRIP = NO;
				DEBUG_INFORMATION_FORMAT = dwarf;
				ENABLE_STRICT_OBJC_MSGSEND = YES;
				ENABLE_TESTABILITY = YES;
				GCC_C_LANGUAGE_STANDARD = gnu11;
				GCC_DYNAMIC_NO_PIC = NO;
				GCC_NO_COMMON_BLOCKS = YES;
				GCC_OPTIMIZATION_LEVEL = 0;
				GCC_PREPROCESSOR_DEFINITIONS = (
					"DEBUG=1",
					"$(inherited)",
				);
				GCC_WARN_64_TO_32_BIT_CONVERSION = YES;
				GCC_WARN_ABOUT_RETURN_TYPE = YES_ERROR;
				GCC_WARN_UNDECLARED_SELECTOR = YES;
				GCC_WARN_UNINITIALIZED_AUTOS = YES_AGGRESSIVE;
				GCC_WARN_UNUSED_FUNCTION = YES;
				GCC_WARN_UNUSED_VARIABLE = YES;
				IPHONEOS_DEPLOYMENT_TARGET = 13.2;
				MTL_ENABLE_DEBUG_INFO = INCLUDE_SOURCE;
				MTL_FAST_MATH = YES;
				ONLY_ACTIVE_ARCH = YES;
				SDKROOT = iphoneos;
				SWIFT_ACTIVE_COMPILATION_CONDITIONS = DEBUG;
				SWIFT_OPTIMIZATION_LEVEL = "-Onone";
			};
			name = Debug;
		};
		45F9C69023CECBFB000249C3 /* Release */ = {
			isa = XCBuildConfiguration;
			buildSettings = {
				ALWAYS_SEARCH_USER_PATHS = NO;
				CLANG_ANALYZER_NONNULL = YES;
				CLANG_ANALYZER_NUMBER_OBJECT_CONVERSION = YES_AGGRESSIVE;
				CLANG_CXX_LANGUAGE_STANDARD = "gnu++14";
				CLANG_CXX_LIBRARY = "libc++";
				CLANG_ENABLE_MODULES = YES;
				CLANG_ENABLE_OBJC_ARC = YES;
				CLANG_ENABLE_OBJC_WEAK = YES;
				CLANG_WARN_BLOCK_CAPTURE_AUTORELEASING = YES;
				CLANG_WARN_BOOL_CONVERSION = YES;
				CLANG_WARN_COMMA = YES;
				CLANG_WARN_CONSTANT_CONVERSION = YES;
				CLANG_WARN_DEPRECATED_OBJC_IMPLEMENTATIONS = YES;
				CLANG_WARN_DIRECT_OBJC_ISA_USAGE = YES_ERROR;
				CLANG_WARN_DOCUMENTATION_COMMENTS = YES;
				CLANG_WARN_EMPTY_BODY = YES;
				CLANG_WARN_ENUM_CONVERSION = YES;
				CLANG_WARN_INFINITE_RECURSION = YES;
				CLANG_WARN_INT_CONVERSION = YES;
				CLANG_WARN_NON_LITERAL_NULL_CONVERSION = YES;
				CLANG_WARN_OBJC_IMPLICIT_RETAIN_SELF = YES;
				CLANG_WARN_OBJC_LITERAL_CONVERSION = YES;
				CLANG_WARN_OBJC_ROOT_CLASS = YES_ERROR;
				CLANG_WARN_RANGE_LOOP_ANALYSIS = YES;
				CLANG_WARN_STRICT_PROTOTYPES = YES;
				CLANG_WARN_SUSPICIOUS_MOVE = YES;
				CLANG_WARN_UNGUARDED_AVAILABILITY = YES_AGGRESSIVE;
				CLANG_WARN_UNREACHABLE_CODE = YES;
				CLANG_WARN__DUPLICATE_METHOD_MATCH = YES;
				COPY_PHASE_STRIP = NO;
				DEBUG_INFORMATION_FORMAT = "dwarf-with-dsym";
				ENABLE_NS_ASSERTIONS = NO;
				ENABLE_STRICT_OBJC_MSGSEND = YES;
				GCC_C_LANGUAGE_STANDARD = gnu11;
				GCC_NO_COMMON_BLOCKS = YES;
				GCC_WARN_64_TO_32_BIT_CONVERSION = YES;
				GCC_WARN_ABOUT_RETURN_TYPE = YES_ERROR;
				GCC_WARN_UNDECLARED_SELECTOR = YES;
				GCC_WARN_UNINITIALIZED_AUTOS = YES_AGGRESSIVE;
				GCC_WARN_UNUSED_FUNCTION = YES;
				GCC_WARN_UNUSED_VARIABLE = YES;
				IPHONEOS_DEPLOYMENT_TARGET = 13.2;
				MTL_ENABLE_DEBUG_INFO = NO;
				MTL_FAST_MATH = YES;
				SDKROOT = iphoneos;
				SWIFT_COMPILATION_MODE = wholemodule;
				SWIFT_OPTIMIZATION_LEVEL = "-O";
				VALIDATE_PRODUCT = YES;
			};
			name = Release;
		};
		45F9C69223CECBFB000249C3 /* Debug */ = {
			isa = XCBuildConfiguration;
			buildSettings = {
				ASSETCATALOG_COMPILER_APPICON_NAME = AppIcon;
				CODE_SIGN_STYLE = Automatic;
				DEVELOPMENT_TEAM = 7AJ9X4G5R6;
				INFOPLIST_FILE = MooreW_assn1/Info.plist;
				LD_RUNPATH_SEARCH_PATHS = (
					"$(inherited)",
					"@executable_path/Frameworks",
				);
				PRODUCT_BUNDLE_IDENTIFIER = "MooreW.MooreW-assn1";
				PRODUCT_NAME = "$(TARGET_NAME)";
				SWIFT_VERSION = 5.0;
				TARGETED_DEVICE_FAMILY = "1,2";
			};
			name = Debug;
		};
		45F9C69323CECBFB000249C3 /* Release */ = {
			isa = XCBuildConfiguration;
			buildSettings = {
				ASSETCATALOG_COMPILER_APPICON_NAME = AppIcon;
				CODE_SIGN_STYLE = Automatic;
				DEVELOPMENT_TEAM = 7AJ9X4G5R6;
				INFOPLIST_FILE = MooreW_assn1/Info.plist;
				LD_RUNPATH_SEARCH_PATHS = (
					"$(inherited)",
					"@executable_path/Frameworks",
				);
				PRODUCT_BUNDLE_IDENTIFIER = "MooreW.MooreW-assn1";
				PRODUCT_NAME = "$(TARGET_NAME)";
				SWIFT_VERSION = 5.0;
				TARGETED_DEVICE_FAMILY = "1,2";
			};
			name = Release;
		};
/* End XCBuildConfiguration section */

/* Begin XCConfigurationList section */
		45F9C67823CECBFA000249C3 /* Build configuration list for PBXProject "MooreW_assn1" */ = {
			isa = XCConfigurationList;
			buildConfigurations = (
				45F9C68F23CECBFB000249C3 /* Debug */,
				45F9C69023CECBFB000249C3 /* Release */,
			);
			defaultConfigurationIsVisible = 0;
			defaultConfigurationName = Release;
		};
		45F9C69123CECBFB000249C3 /* Build configuration list for PBXNativeTarget "MooreW_assn1" */ = {
			isa = XCConfigurationList;
			buildConfigurations = (
				45F9C69223CECBFB000249C3 /* Debug */,
				45F9C69323CECBFB000249C3 /* Release */,
			);
			defaultConfigurationIsVisible = 0;
			defaultConfigurationName = Release;
		};
/* End XCConfigurationList section */
	};
	rootObject = 45F9C67523CECBFA000249C3 /* Project object */;
}
