// !$*UTF8*$!
{
	archiveVersion = 1;
	classes = {
	};
	objectVersion = 50;
	objects = {

/* Begin PBXBuildFile section */
		45CF9BB324009EF300CD480A /* AppDelegate.swift in Sources */ = {isa = PBXBuildFile; fileRef = 45CF9BB224009EF300CD480A /* AppDelegate.swift */; };
		45CF9BB524009EF300CD480A /* SceneDelegate.swift in Sources */ = {isa = PBXBuildFile; fileRef = 45CF9BB424009EF300CD480A /* SceneDelegate.swift */; };
		45CF9BB724009EF300CD480A /* ViewController.swift in Sources */ = {isa = PBXBuildFile; fileRef = 45CF9BB624009EF300CD480A /* ViewController.swift */; };
		45CF9BBA24009EF300CD480A /* Main.storyboard in Resources */ = {isa = PBXBuildFile; fileRef = 45CF9BB824009EF300CD480A /* Main.storyboard */; };
		45CF9BBC24009EF400CD480A /* Assets.xcassets in Resources */ = {isa = PBXBuildFile; fileRef = 45CF9BBB24009EF400CD480A /* Assets.xcassets */; };
		45CF9BBF24009EF400CD480A /* LaunchScreen.storyboard in Resources */ = {isa = PBXBuildFile; fileRef = 45CF9BBD24009EF400CD480A /* LaunchScreen.storyboard */; };
/* End PBXBuildFile section */

/* Begin PBXFileReference section */
		45CF9BAF24009EF300CD480A /* MooreW_assn5.app */ = {isa = PBXFileReference; explicitFileType = wrapper.application; includeInIndex = 0; path = MooreW_assn5.app; sourceTree = BUILT_PRODUCTS_DIR; };
		45CF9BB224009EF300CD480A /* AppDelegate.swift */ = {isa = PBXFileReference; lastKnownFileType = sourcecode.swift; path = AppDelegate.swift; sourceTree = "<group>"; };
		45CF9BB424009EF300CD480A /* SceneDelegate.swift */ = {isa = PBXFileReference; lastKnownFileType = sourcecode.swift; path = SceneDelegate.swift; sourceTree = "<group>"; };
		45CF9BB624009EF300CD480A /* ViewController.swift */ = {isa = PBXFileReference; lastKnownFileType = sourcecode.swift; path = ViewController.swift; sourceTree = "<group>"; };
		45CF9BB924009EF300CD480A /* Base */ = {isa = PBXFileReference; lastKnownFileType = file.storyboard; name = Base; path = Base.lproj/Main.storyboard; sourceTree = "<group>"; };
		45CF9BBB24009EF400CD480A /* Assets.xcassets */ = {isa = PBXFileReference; lastKnownFileType = folder.assetcatalog; path = Assets.xcassets; sourceTree = "<group>"; };
		45CF9BBE24009EF400CD480A /* Base */ = {isa = PBXFileReference; lastKnownFileType = file.storyboard; name = Base; path = Base.lproj/LaunchScreen.storyboard; sourceTree = "<group>"; };
		45CF9BC024009EF400CD480A /* Info.plist */ = {isa = PBXFileReference; lastKnownFileType = text.plist.xml; path = Info.plist; sourceTree = "<group>"; };
/* End PBXFileReference section */

/* Begin PBXFrameworksBuildPhase section */
		45CF9BAC24009EF300CD480A /* Frameworks */ = {
			isa = PBXFrameworksBuildPhase;
			buildActionMask = 2147483647;
			files = (
			);
			runOnlyForDeploymentPostprocessing = 0;
		};
/* End PBXFrameworksBuildPhase section */

/* Begin PBXGroup section */
		45CF9BA624009EF300CD480A = {
			isa = PBXGroup;
			children = (
				45CF9BB124009EF300CD480A /* MooreW_assn5 */,
				45CF9BB024009EF300CD480A /* Products */,
			);
			sourceTree = "<group>";
		};
		45CF9BB024009EF300CD480A /* Products */ = {
			isa = PBXGroup;
			children = (
				45CF9BAF24009EF300CD480A /* MooreW_assn5.app */,
			);
			name = Products;
			sourceTree = "<group>";
		};
		45CF9BB124009EF300CD480A /* MooreW_assn5 */ = {
			isa = PBXGroup;
			children = (
				45CF9BB224009EF300CD480A /* AppDelegate.swift */,
				45CF9BB424009EF300CD480A /* SceneDelegate.swift */,
				45CF9BB624009EF300CD480A /* ViewController.swift */,
				45CF9BB824009EF300CD480A /* Main.storyboard */,
				45CF9BBB24009EF400CD480A /* Assets.xcassets */,
				45CF9BBD24009EF400CD480A /* LaunchScreen.storyboard */,
				45CF9BC024009EF400CD480A /* Info.plist */,
			);
			path = MooreW_assn5;
			sourceTree = "<group>";
		};
/* End PBXGroup section */

/* Begin PBXNativeTarget section */
		45CF9BAE24009EF300CD480A /* MooreW_assn5 */ = {
			isa = PBXNativeTarget;
			buildConfigurationList = 45CF9BC324009EF400CD480A /* Build configuration list for PBXNativeTarget "MooreW_assn5" */;
			buildPhases = (
				45CF9BAB24009EF300CD480A /* Sources */,
				45CF9BAC24009EF300CD480A /* Frameworks */,
				45CF9BAD24009EF300CD480A /* Resources */,
			);
			buildRules = (
			);
			dependencies = (
			);
			name = MooreW_assn5;
			productName = MooreW_assn5;
			productReference = 45CF9BAF24009EF300CD480A /* MooreW_assn5.app */;
			productType = "com.apple.product-type.application";
		};
/* End PBXNativeTarget section */

/* Begin PBXProject section */
		45CF9BA724009EF300CD480A /* Project object */ = {
			isa = PBXProject;
			attributes = {
				LastSwiftUpdateCheck = 1130;
				LastUpgradeCheck = 1130;
				ORGANIZATIONNAME = "Willy Moore";
				TargetAttributes = {
					45CF9BAE24009EF300CD480A = {
						CreatedOnToolsVersion = 11.3;
					};
				};
			};
			buildConfigurationList = 45CF9BAA24009EF300CD480A /* Build configuration list for PBXProject "MooreW_assn5" */;
			compatibilityVersion = "Xcode 9.3";
			developmentRegion = en;
			hasScannedForEncodings = 0;
			knownRegions = (
				en,
				Base,
			);
			mainGroup = 45CF9BA624009EF300CD480A;
			productRefGroup = 45CF9BB024009EF300CD480A /* Products */;
			projectDirPath = "";
			projectRoot = "";
			targets = (
				45CF9BAE24009EF300CD480A /* MooreW_assn5 */,
			);
		};
/* End PBXProject section */

/* Begin PBXResourcesBuildPhase section */
		45CF9BAD24009EF300CD480A /* Resources */ = {
			isa = PBXResourcesBuildPhase;
			buildActionMask = 2147483647;
			files = (
				45CF9BBF24009EF400CD480A /* LaunchScreen.storyboard in Resources */,
				45CF9BBC24009EF400CD480A /* Assets.xcassets in Resources */,
				45CF9BBA24009EF300CD480A /* Main.storyboard in Resources */,
			);
			runOnlyForDeploymentPostprocessing = 0;
		};
/* End PBXResourcesBuildPhase section */

/* Begin PBXSourcesBuildPhase section */
		45CF9BAB24009EF300CD480A /* Sources */ = {
			isa = PBXSourcesBuildPhase;
			buildActionMask = 2147483647;
			files = (
				45CF9BB724009EF300CD480A /* ViewController.swift in Sources */,
				45CF9BB324009EF300CD480A /* AppDelegate.swift in Sources */,
				45CF9BB524009EF300CD480A /* SceneDelegate.swift in Sources */,
			);
			runOnlyForDeploymentPostprocessing = 0;
		};
/* End PBXSourcesBuildPhase section */

/* Begin PBXVariantGroup section */
		45CF9BB824009EF300CD480A /* Main.storyboard */ = {
			isa = PBXVariantGroup;
			children = (
				45CF9BB924009EF300CD480A /* Base */,
			);
			name = Main.storyboard;
			sourceTree = "<group>";
		};
		45CF9BBD24009EF400CD480A /* LaunchScreen.storyboard */ = {
			isa = PBXVariantGroup;
			children = (
				45CF9BBE24009EF400CD480A /* Base */,
			);
			name = LaunchScreen.storyboard;
			sourceTree = "<group>";
		};
/* End PBXVariantGroup section */

/* Begin XCBuildConfiguration section */
		45CF9BC124009EF400CD480A /* Debug */ = {
			isa = XCBuildConfiguration;
			buildSettings = {
				ALWAYS_SEARCH_USER_PATHS = NO;
				CLANG_ANALYZER_NONNULL = YES;
				CLANG_ANALYZER_NUMBER_OBJECT_CONVERSION = YES_AGGRESSIVE;
				CLANG_CXX_LANGUAGE_STANDARD = "gnu++14";
				CLANG_CXX_LIBRARY = "libc++";
				CLANG_ENABLE_MODULES = YES;
				CLANG_ENABLE_OBJC_ARC = YES;
				CLANG_ENABLE_OBJC_WEAK = YES;
				CLANG_WARN_BLOCK_CAPTURE_AUTORELEASING = YES;
				CLANG_WARN_BOOL_CONVERSION = YES;
				CLANG_WARN_COMMA = YES;
				CLANG_WARN_CONSTANT_CONVERSION = YES;
				CLANG_WARN_DEPRECATED_OBJC_IMPLEMENTATIONS = YES;
				CLANG_WARN_DIRECT_OBJC_ISA_USAGE = YES_ERROR;
				CLANG_WARN_DOCUMENTATION_COMMENTS = YES;
				CLANG_WARN_EMPTY_BODY = YES;
				CLANG_WARN_ENUM_CONVERSION = YES;
				CLANG_WARN_INFINITE_RECURSION = YES;
				CLANG_WARN_INT_CONVERSION = YES;
				CLANG_WARN_NON_LITERAL_NULL_CONVERSION = YES;
				CLANG_WARN_OBJC_IMPLICIT_RETAIN_SELF = YES;
				CLANG_WARN_OBJC_LITERAL_CONVERSION = YES;
				CLANG_WARN_OBJC_ROOT_CLASS = YES_ERROR;
				CLANG_WARN_RANGE_LOOP_ANALYSIS = YES;
				CLANG_WARN_STRICT_PROTOTYPES = YES;
				CLANG_WARN_SUSPICIOUS_MOVE = YES;
				CLANG_WARN_UNGUARDED_AVAILABILITY = YES_AGGRESSIVE;
				CLANG_WARN_UNREACHABLE_CODE = YES;
				CLANG_WARN__DUPLICATE_METHOD_MATCH = YES;
				COPY_PHASE_STRIP = NO;
				DEBUG_INFORMATION_FORMAT = dwarf;
				ENABLE_STRICT_OBJC_MSGSEND = YES;
				ENABLE_TESTABILITY = YES;
				GCC_C_LANGUAGE_STANDARD = gnu11;
				GCC_DYNAMIC_NO_PIC = NO;
				GCC_NO_COMMON_BLOCKS = YES;
				GCC_OPTIMIZATION_LEVEL = 0;
				GCC_PREPROCESSOR_DEFINITIONS = (
					"DEBUG=1",
					"$(inherited)",
				);
				GCC_WARN_64_TO_32_BIT_CONVERSION = YES;
				GCC_WARN_ABOUT_RETURN_TYPE = YES_ERROR;
				GCC_WARN_UNDECLARED_SELECTOR = YES;
				GCC_WARN_UNINITIALIZED_AUTOS = YES_AGGRESSIVE;
				GCC_WARN_UNUSED_FUNCTION = YES;
				GCC_WARN_UNUSED_VARIABLE = YES;
				IPHONEOS_DEPLOYMENT_TARGET = 13.2;
				MTL_ENABLE_DEBUG_INFO = INCLUDE_SOURCE;
				MTL_FAST_MATH = YES;
				ONLY_ACTIVE_ARCH = YES;
				SDKROOT = iphoneos;
				SWIFT_ACTIVE_COMPILATION_CONDITIONS = DEBUG;
				SWIFT_OPTIMIZATION_LEVEL = "-Onone";
			};
			name = Debug;
		};
		45CF9BC224009EF400CD480A /* Release */ = {
			isa = XCBuildConfiguration;
			buildSettings = {
				ALWAYS_SEARCH_USER_PATHS = NO;
				CLANG_ANALYZER_NONNULL = YES;
				CLANG_ANALYZER_NUMBER_OBJECT_CONVERSION = YES_AGGRESSIVE;
				CLANG_CXX_LANGUAGE_STANDARD = "gnu++14";
				CLANG_CXX_LIBRARY = "libc++";
				CLANG_ENABLE_MODULES = YES;
				CLANG_ENABLE_OBJC_ARC = YES;
				CLANG_ENABLE_OBJC_WEAK = YES;
				CLANG_WARN_BLOCK_CAPTURE_AUTORELEASING = YES;
				CLANG_WARN_BOOL_CONVERSION = YES;
				CLANG_WARN_COMMA = YES;
				CLANG_WARN_CONSTANT_CONVERSION = YES;
				CLANG_WARN_DEPRECATED_OBJC_IMPLEMENTATIONS = YES;
				CLANG_WARN_DIRECT_OBJC_ISA_USAGE = YES_ERROR;
				CLANG_WARN_DOCUMENTATION_COMMENTS = YES;
				CLANG_WARN_EMPTY_BODY = YES;
				CLANG_WARN_ENUM_CONVERSION = YES;
				CLANG_WARN_INFINITE_RECURSION = YES;
				CLANG_WARN_INT_CONVERSION = YES;
				CLANG_WARN_NON_LITERAL_NULL_CONVERSION = YES;
				CLANG_WARN_OBJC_IMPLICIT_RETAIN_SELF = YES;
				CLANG_WARN_OBJC_LITERAL_CONVERSION = YES;
				CLANG_WARN_OBJC_ROOT_CLASS = YES_ERROR;
				CLANG_WARN_RANGE_LOOP_ANALYSIS = YES;
				CLANG_WARN_STRICT_PROTOTYPES = YES;
				CLANG_WARN_SUSPICIOUS_MOVE = YES;
				CLANG_WARN_UNGUARDED_AVAILABILITY = YES_AGGRESSIVE;
				CLANG_WARN_UNREACHABLE_CODE = YES;
				CLANG_WARN__DUPLICATE_METHOD_MATCH = YES;
				COPY_PHASE_STRIP = NO;
				DEBUG_INFORMATION_FORMAT = "dwarf-with-dsym";
				ENABLE_NS_ASSERTIONS = NO;
				ENABLE_STRICT_OBJC_MSGSEND = YES;
				GCC_C_LANGUAGE_STANDARD = gnu11;
				GCC_NO_COMMON_BLOCKS = YES;
				GCC_WARN_64_TO_32_BIT_CONVERSION = YES;
				GCC_WARN_ABOUT_RETURN_TYPE = YES_ERROR;
				GCC_WARN_UNDECLARED_SELECTOR = YES;
				GCC_WARN_UNINITIALIZED_AUTOS = YES_AGGRESSIVE;
				GCC_WARN_UNUSED_FUNCTION = YES;
				GCC_WARN_UNUSED_VARIABLE = YES;
				IPHONEOS_DEPLOYMENT_TARGET = 13.2;
				MTL_ENABLE_DEBUG_INFO = NO;
				MTL_FAST_MATH = YES;
				SDKROOT = iphoneos;
				SWIFT_COMPILATION_MODE = wholemodule;
				SWIFT_OPTIMIZATION_LEVEL = "-O";
				VALIDATE_PRODUCT = YES;
			};
			name = Release;
		};
		45CF9BC424009EF400CD480A /* Debug */ = {
			isa = XCBuildConfiguration;
			buildSettings = {
				ASSETCATALOG_COMPILER_APPICON_NAME = AppIcon;
				CODE_SIGN_STYLE = Automatic;
				DEVELOPMENT_TEAM = 7AJ9X4G5R6;
				INFOPLIST_FILE = MooreW_assn5/Info.plist;
				LD_RUNPATH_SEARCH_PATHS = (
					"$(inherited)",
					"@executable_path/Frameworks",
				);
				PRODUCT_BUNDLE_IDENTIFIER = "MooreW.MooreW-assn5";
				PRODUCT_NAME = "$(TARGET_NAME)";
				SWIFT_VERSION = 5.0;
				TARGETED_DEVICE_FAMILY = "1,2";
			};
			name = Debug;
		};
		45CF9BC524009EF400CD480A /* Release */ = {
			isa = XCBuildConfiguration;
			buildSettings = {
				ASSETCATALOG_COMPILER_APPICON_NAME = AppIcon;
				CODE_SIGN_STYLE = Automatic;
				DEVELOPMENT_TEAM = 7AJ9X4G5R6;
				INFOPLIST_FILE = MooreW_assn5/Info.plist;
				LD_RUNPATH_SEARCH_PATHS = (
					"$(inherited)",
					"@executable_path/Frameworks",
				);
				PRODUCT_BUNDLE_IDENTIFIER = "MooreW.MooreW-assn5";
				PRODUCT_NAME = "$(TARGET_NAME)";
				SWIFT_VERSION = 5.0;
				TARGETED_DEVICE_FAMILY = "1,2";
			};
			name = Release;
		};
/* End XCBuildConfiguration section */

/* Begin XCConfigurationList section */
		45CF9BAA24009EF300CD480A /* Build configuration list for PBXProject "MooreW_assn5" */ = {
			isa = XCConfigurationList;
			buildConfigurations = (
				45CF9BC124009EF400CD480A /* Debug */,
				45CF9BC224009EF400CD480A /* Release */,
			);
			defaultConfigurationIsVisible = 0;
			defaultConfigurationName = Release;
		};
		45CF9BC324009EF400CD480A /* Build configuration list for PBXNativeTarget "MooreW_assn5" */ = {
			isa = XCConfigurationList;
			buildConfigurations = (
				45CF9BC424009EF400CD480A /* Debug */,
				45CF9BC524009EF400CD480A /* Release */,
			);
			defaultConfigurationIsVisible = 0;
			defaultConfigurationName = Release;
		};
/* End XCConfigurationList section */
	};
	rootObject = 45CF9BA724009EF300CD480A /* Project object */;
}
