// !$*UTF8*$!
{
	archiveVersion = 1;
	classes = {
	};
	objectVersion = 50;
	objects = {

/* Begin PBXBuildFile section */
		459B11CD23EB306A00134670 /* AppDelegate.swift in Sources */ = {isa = PBXBuildFile; fileRef = 459B11CC23EB306A00134670 /* AppDelegate.swift */; };
		459B11CF23EB306A00134670 /* SceneDelegate.swift in Sources */ = {isa = PBXBuildFile; fileRef = 459B11CE23EB306A00134670 /* SceneDelegate.swift */; };
		459B11D123EB306A00134670 /* ViewController.swift in Sources */ = {isa = PBXBuildFile; fileRef = 459B11D023EB306A00134670 /* ViewController.swift */; };
		459B11D423EB306A00134670 /* Main.storyboard in Resources */ = {isa = PBXBuildFile; fileRef = 459B11D223EB306A00134670 /* Main.storyboard */; };
		459B11D623EB306B00134670 /* Assets.xcassets in Resources */ = {isa = PBXBuildFile; fileRef = 459B11D523EB306B00134670 /* Assets.xcassets */; };
		459B11D923EB306B00134670 /* LaunchScreen.storyboard in Resources */ = {isa = PBXBuildFile; fileRef = 459B11D723EB306B00134670 /* LaunchScreen.storyboard */; };
/* End PBXBuildFile section */

/* Begin PBXFileReference section */
		459B11C923EB306A00134670 /* MooreW_assn3.app */ = {isa = PBXFileReference; explicitFileType = wrapper.application; includeInIndex = 0; path = MooreW_assn3.app; sourceTree = BUILT_PRODUCTS_DIR; };
		459B11CC23EB306A00134670 /* AppDelegate.swift */ = {isa = PBXFileReference; lastKnownFileType = sourcecode.swift; path = AppDelegate.swift; sourceTree = "<group>"; };
		459B11CE23EB306A00134670 /* SceneDelegate.swift */ = {isa = PBXFileReference; lastKnownFileType = sourcecode.swift; path = SceneDelegate.swift; sourceTree = "<group>"; };
		459B11D023EB306A00134670 /* ViewController.swift */ = {isa = PBXFileReference; lastKnownFileType = sourcecode.swift; path = ViewController.swift; sourceTree = "<group>"; };
		459B11D323EB306A00134670 /* Base */ = {isa = PBXFileReference; lastKnownFileType = file.storyboard; name = Base; path = Base.lproj/Main.storyboard; sourceTree = "<group>"; };
		459B11D523EB306B00134670 /* Assets.xcassets */ = {isa = PBXFileReference; lastKnownFileType = folder.assetcatalog; path = Assets.xcassets; sourceTree = "<group>"; };
		459B11D823EB306B00134670 /* Base */ = {isa = PBXFileReference; lastKnownFileType = file.storyboard; name = Base; path = Base.lproj/LaunchScreen.storyboard; sourceTree = "<group>"; };
		459B11DA23EB306B00134670 /* Info.plist */ = {isa = PBXFileReference; lastKnownFileType = text.plist.xml; path = Info.plist; sourceTree = "<group>"; };
/* End PBXFileReference section */

/* Begin PBXFrameworksBuildPhase section */
		459B11C623EB306A00134670 /* Frameworks */ = {
			isa = PBXFrameworksBuildPhase;
			buildActionMask = 2147483647;
			files = (
			);
			runOnlyForDeploymentPostprocessing = 0;
		};
/* End PBXFrameworksBuildPhase section */

/* Begin PBXGroup section */
		459B11C023EB306A00134670 = {
			isa = PBXGroup;
			children = (
				459B11CB23EB306A00134670 /* MooreW_assn3 */,
				459B11CA23EB306A00134670 /* Products */,
			);
			sourceTree = "<group>";
		};
		459B11CA23EB306A00134670 /* Products */ = {
			isa = PBXGroup;
			children = (
				459B11C923EB306A00134670 /* MooreW_assn3.app */,
			);
			name = Products;
			sourceTree = "<group>";
		};
		459B11CB23EB306A00134670 /* MooreW_assn3 */ = {
			isa = PBXGroup;
			children = (
				459B11CC23EB306A00134670 /* AppDelegate.swift */,
				459B11CE23EB306A00134670 /* SceneDelegate.swift */,
				459B11D023EB306A00134670 /* ViewController.swift */,
				459B11D223EB306A00134670 /* Main.storyboard */,
				459B11D523EB306B00134670 /* Assets.xcassets */,
				459B11D723EB306B00134670 /* LaunchScreen.storyboard */,
				459B11DA23EB306B00134670 /* Info.plist */,
			);
			path = MooreW_assn3;
			sourceTree = "<group>";
		};
/* End PBXGroup section */

/* Begin PBXNativeTarget section */
		459B11C823EB306A00134670 /* MooreW_assn3 */ = {
			isa = PBXNativeTarget;
			buildConfigurationList = 459B11DD23EB306B00134670 /* Build configuration list for PBXNativeTarget "MooreW_assn3" */;
			buildPhases = (
				459B11C523EB306A00134670 /* Sources */,
				459B11C623EB306A00134670 /* Frameworks */,
				459B11C723EB306A00134670 /* Resources */,
			);
			buildRules = (
			);
			dependencies = (
			);
			name = MooreW_assn3;
			productName = MooreW_assn3;
			productReference = 459B11C923EB306A00134670 /* MooreW_assn3.app */;
			productType = "com.apple.product-type.application";
		};
/* End PBXNativeTarget section */

/* Begin PBXProject section */
		459B11C123EB306A00134670 /* Project object */ = {
			isa = PBXProject;
			attributes = {
				LastSwiftUpdateCheck = 1130;
				LastUpgradeCheck = 1130;
				ORGANIZATIONNAME = "Willy Moore";
				TargetAttributes = {
					459B11C823EB306A00134670 = {
						CreatedOnToolsVersion = 11.3;
					};
				};
			};
			buildConfigurationList = 459B11C423EB306A00134670 /* Build configuration list for PBXProject "MooreW_assn3" */;
			compatibilityVersion = "Xcode 9.3";
			developmentRegion = en;
			hasScannedForEncodings = 0;
			knownRegions = (
				en,
				Base,
			);
			mainGroup = 459B11C023EB306A00134670;
			productRefGroup = 459B11CA23EB306A00134670 /* Products */;
			projectDirPath = "";
			projectRoot = "";
			targets = (
				459B11C823EB306A00134670 /* MooreW_assn3 */,
			);
		};
/* End PBXProject section */

/* Begin PBXResourcesBuildPhase section */
		459B11C723EB306A00134670 /* Resources */ = {
			isa = PBXResourcesBuildPhase;
			buildActionMask = 2147483647;
			files = (
				459B11D923EB306B00134670 /* LaunchScreen.storyboard in Resources */,
				459B11D623EB306B00134670 /* Assets.xcassets in Resources */,
				459B11D423EB306A00134670 /* Main.storyboard in Resources */,
			);
			runOnlyForDeploymentPostprocessing = 0;
		};
/* End PBXResourcesBuildPhase section */

/* Begin PBXSourcesBuildPhase section */
		459B11C523EB306A00134670 /* Sources */ = {
			isa = PBXSourcesBuildPhase;
			buildActionMask = 2147483647;
			files = (
				459B11D123EB306A00134670 /* ViewController.swift in Sources */,
				459B11CD23EB306A00134670 /* AppDelegate.swift in Sources */,
				459B11CF23EB306A00134670 /* SceneDelegate.swift in Sources */,
			);
			runOnlyForDeploymentPostprocessing = 0;
		};
/* End PBXSourcesBuildPhase section */

/* Begin PBXVariantGroup section */
		459B11D223EB306A00134670 /* Main.storyboard */ = {
			isa = PBXVariantGroup;
			children = (
				459B11D323EB306A00134670 /* Base */,
			);
			name = Main.storyboard;
			sourceTree = "<group>";
		};
		459B11D723EB306B00134670 /* LaunchScreen.storyboard */ = {
			isa = PBXVariantGroup;
			children = (
				459B11D823EB306B00134670 /* Base */,
			);
			name = LaunchScreen.storyboard;
			sourceTree = "<group>";
		};
/* End PBXVariantGroup section */

/* Begin XCBuildConfiguration section */
		459B11DB23EB306B00134670 /* Debug */ = {
			isa = XCBuildConfiguration;
			buildSettings = {
				ALWAYS_SEARCH_USER_PATHS = NO;
				CLANG_ANALYZER_NONNULL = YES;
				CLANG_ANALYZER_NUMBER_OBJECT_CONVERSION = YES_AGGRESSIVE;
				CLANG_CXX_LANGUAGE_STANDARD = "gnu++14";
				CLANG_CXX_LIBRARY = "libc++";
				CLANG_ENABLE_MODULES = YES;
				CLANG_ENABLE_OBJC_ARC = YES;
				CLANG_ENABLE_OBJC_WEAK = YES;
				CLANG_WARN_BLOCK_CAPTURE_AUTORELEASING = YES;
				CLANG_WARN_BOOL_CONVERSION = YES;
				CLANG_WARN_COMMA = YES;
				CLANG_WARN_CONSTANT_CONVERSION = YES;
				CLANG_WARN_DEPRECATED_OBJC_IMPLEMENTATIONS = YES;
				CLANG_WARN_DIRECT_OBJC_ISA_USAGE = YES_ERROR;
				CLANG_WARN_DOCUMENTATION_COMMENTS = YES;
				CLANG_WARN_EMPTY_BODY = YES;
				CLANG_WARN_ENUM_CONVERSION = YES;
				CLANG_WARN_INFINITE_RECURSION = YES;
				CLANG_WARN_INT_CONVERSION = YES;
				CLANG_WARN_NON_LITERAL_NULL_CONVERSION = YES;
				CLANG_WARN_OBJC_IMPLICIT_RETAIN_SELF = YES;
				CLANG_WARN_OBJC_LITERAL_CONVERSION = YES;
				CLANG_WARN_OBJC_ROOT_CLASS = YES_ERROR;
				CLANG_WARN_RANGE_LOOP_ANALYSIS = YES;
				CLANG_WARN_STRICT_PROTOTYPES = YES;
				CLANG_WARN_SUSPICIOUS_MOVE = YES;
				CLANG_WARN_UNGUARDED_AVAILABILITY = YES_AGGRESSIVE;
				CLANG_WARN_UNREACHABLE_CODE = YES;
				CLANG_WARN__DUPLICATE_METHOD_MATCH = YES;
				COPY_PHASE_STRIP = NO;
				DEBUG_INFORMATION_FORMAT = dwarf;
				ENABLE_STRICT_OBJC_MSGSEND = YES;
				ENABLE_TESTABILITY = YES;
				GCC_C_LANGUAGE_STANDARD = gnu11;
				GCC_DYNAMIC_NO_PIC = NO;
				GCC_NO_COMMON_BLOCKS = YES;
				GCC_OPTIMIZATION_LEVEL = 0;
				GCC_PREPROCESSOR_DEFINITIONS = (
					"DEBUG=1",
					"$(inherited)",
				);
				GCC_WARN_64_TO_32_BIT_CONVERSION = YES;
				GCC_WARN_ABOUT_RETURN_TYPE = YES_ERROR;
				GCC_WARN_UNDECLARED_SELECTOR = YES;
				GCC_WARN_UNINITIALIZED_AUTOS = YES_AGGRESSIVE;
				GCC_WARN_UNUSED_FUNCTION = YES;
				GCC_WARN_UNUSED_VARIABLE = YES;
				IPHONEOS_DEPLOYMENT_TARGET = 13.2;
				MTL_ENABLE_DEBUG_INFO = INCLUDE_SOURCE;
				MTL_FAST_MATH = YES;
				ONLY_ACTIVE_ARCH = YES;
				SDKROOT = iphoneos;
				SWIFT_ACTIVE_COMPILATION_CONDITIONS = DEBUG;
				SWIFT_OPTIMIZATION_LEVEL = "-Onone";
			};
			name = Debug;
		};
		459B11DC23EB306B00134670 /* Release */ = {
			isa = XCBuildConfiguration;
			buildSettings = {
				ALWAYS_SEARCH_USER_PATHS = NO;
				CLANG_ANALYZER_NONNULL = YES;
				CLANG_ANALYZER_NUMBER_OBJECT_CONVERSION = YES_AGGRESSIVE;
				CLANG_CXX_LANGUAGE_STANDARD = "gnu++14";
				CLANG_CXX_LIBRARY = "libc++";
				CLANG_ENABLE_MODULES = YES;
				CLANG_ENABLE_OBJC_ARC = YES;
				CLANG_ENABLE_OBJC_WEAK = YES;
				CLANG_WARN_BLOCK_CAPTURE_AUTORELEASING = YES;
				CLANG_WARN_BOOL_CONVERSION = YES;
				CLANG_WARN_COMMA = YES;
				CLANG_WARN_CONSTANT_CONVERSION = YES;
				CLANG_WARN_DEPRECATED_OBJC_IMPLEMENTATIONS = YES;
				CLANG_WARN_DIRECT_OBJC_ISA_USAGE = YES_ERROR;
				CLANG_WARN_DOCUMENTATION_COMMENTS = YES;
				CLANG_WARN_EMPTY_BODY = YES;
				CLANG_WARN_ENUM_CONVERSION = YES;
				CLANG_WARN_INFINITE_RECURSION = YES;
				CLANG_WARN_INT_CONVERSION = YES;
				CLANG_WARN_NON_LITERAL_NULL_CONVERSION = YES;
				CLANG_WARN_OBJC_IMPLICIT_RETAIN_SELF = YES;
				CLANG_WARN_OBJC_LITERAL_CONVERSION = YES;
				CLANG_WARN_OBJC_ROOT_CLASS = YES_ERROR;
				CLANG_WARN_RANGE_LOOP_ANALYSIS = YES;
				CLANG_WARN_STRICT_PROTOTYPES = YES;
				CLANG_WARN_SUSPICIOUS_MOVE = YES;
				CLANG_WARN_UNGUARDED_AVAILABILITY = YES_AGGRESSIVE;
				CLANG_WARN_UNREACHABLE_CODE = YES;
				CLANG_WARN__DUPLICATE_METHOD_MATCH = YES;
				COPY_PHASE_STRIP = NO;
				DEBUG_INFORMATION_FORMAT = "dwarf-with-dsym";
				ENABLE_NS_ASSERTIONS = NO;
				ENABLE_STRICT_OBJC_MSGSEND = YES;
				GCC_C_LANGUAGE_STANDARD = gnu11;
				GCC_NO_COMMON_BLOCKS = YES;
				GCC_WARN_64_TO_32_BIT_CONVERSION = YES;
				GCC_WARN_ABOUT_RETURN_TYPE = YES_ERROR;
				GCC_WARN_UNDECLARED_SELECTOR = YES;
				GCC_WARN_UNINITIALIZED_AUTOS = YES_AGGRESSIVE;
				GCC_WARN_UNUSED_FUNCTION = YES;
				GCC_WARN_UNUSED_VARIABLE = YES;
				IPHONEOS_DEPLOYMENT_TARGET = 13.2;
				MTL_ENABLE_DEBUG_INFO = NO;
				MTL_FAST_MATH = YES;
				SDKROOT = iphoneos;
				SWIFT_COMPILATION_MODE = wholemodule;
				SWIFT_OPTIMIZATION_LEVEL = "-O";
				VALIDATE_PRODUCT = YES;
			};
			name = Release;
		};
		459B11DE23EB306B00134670 /* Debug */ = {
			isa = XCBuildConfiguration;
			buildSettings = {
				ASSETCATALOG_COMPILER_APPICON_NAME = AppIcon;
				CODE_SIGN_STYLE = Automatic;
				DEVELOPMENT_TEAM = 7AJ9X4G5R6;
				INFOPLIST_FILE = MooreW_assn3/Info.plist;
				LD_RUNPATH_SEARCH_PATHS = (
					"$(inherited)",
					"@executable_path/Frameworks",
				);
				PRODUCT_BUNDLE_IDENTIFIER = "MooreW.MooreW-assn3";
				PRODUCT_NAME = "$(TARGET_NAME)";
				SWIFT_VERSION = 5.0;
				TARGETED_DEVICE_FAMILY = "1,2";
			};
			name = Debug;
		};
		459B11DF23EB306B00134670 /* Release */ = {
			isa = XCBuildConfiguration;
			buildSettings = {
				ASSETCATALOG_COMPILER_APPICON_NAME = AppIcon;
				CODE_SIGN_STYLE = Automatic;
				DEVELOPMENT_TEAM = 7AJ9X4G5R6;
				INFOPLIST_FILE = MooreW_assn3/Info.plist;
				LD_RUNPATH_SEARCH_PATHS = (
					"$(inherited)",
					"@executable_path/Frameworks",
				);
				PRODUCT_BUNDLE_IDENTIFIER = "MooreW.MooreW-assn3";
				PRODUCT_NAME = "$(TARGET_NAME)";
				SWIFT_VERSION = 5.0;
				TARGETED_DEVICE_FAMILY = "1,2";
			};
			name = Release;
		};
/* End XCBuildConfiguration section */

/* Begin XCConfigurationList section */
		459B11C423EB306A00134670 /* Build configuration list for PBXProject "MooreW_assn3" */ = {
			isa = XCConfigurationList;
			buildConfigurations = (
				459B11DB23EB306B00134670 /* Debug */,
				459B11DC23EB306B00134670 /* Release */,
			);
			defaultConfigurationIsVisible = 0;
			defaultConfigurationName = Release;
		};
		459B11DD23EB306B00134670 /* Build configuration list for PBXNativeTarget "MooreW_assn3" */ = {
			isa = XCConfigurationList;
			buildConfigurations = (
				459B11DE23EB306B00134670 /* Debug */,
				459B11DF23EB306B00134670 /* Release */,
			);
			defaultConfigurationIsVisible = 0;
			defaultConfigurationName = Release;
		};
/* End XCConfigurationList section */
	};
	rootObject = 459B11C123EB306A00134670 /* Project object */;
}
